{
  "name": "wttrace",
  "version": "1.0.0",
  "lockfileVersion": 1,
  "requires": true,
  "dependencies": {
    "blessed": {
      "version": "0.1.81",
      "resolved": "http://artifactory.corp.mongodb.com/artifactory/api/npm/npm/blessed/-/blessed-0.1.81.tgz",
      "integrity": "sha1-+WLWh+wsNpVwrnGvhDJW5tDKESk=",
      "dev": true
    },
    "extend": {
      "version": "1.2.1",
      "resolved": "http://artifactory.corp.mongodb.com/artifactory/api/npm/npm/extend/-/extend-1.2.1.tgz",
      "integrity": "sha1-oPX9bPyDpf5J72mNYOyKYk3UV2w="
    },
    "nan": {
      "version": "2.3.5",
      "resolved": "http://artifactory.corp.mongodb.com/artifactory/api/npm/npm/nan/-/nan-2.3.5.tgz",
      "integrity": "sha1-gioNwmYpDOTNOhIoLKPn42Rmigg="
    },
    "pty.js": {
      "version": "0.3.1",
      "resolved": "http://artifactory.corp.mongodb.com/artifactory/api/npm/npm/pty.js/-/pty.js-0.3.1.tgz",
      "integrity": "sha1-gfW+0zLW5eeraFaI0boDc0ENUbU=",
      "requires": {
        "extend": "1.2.1",
        "nan": "2.3.5"
      }
    },
    "term.js": {
      "version": "0.0.7",
      "resolved": "http://artifactory.corp.mongodb.com/artifactory/api/npm/npm/term.js/-/term.js-0.0.7.tgz",
      "integrity": "sha1-Um8kz8Dy72+A9RfJ4n2ulHvIcxU="
    }
  }
}
